{
  "nodes": {
    "ags": {
      "inputs": {
        "dongsu8142-nur": "dongsu8142-nur",
        "nixpkgs": "nixpkgs"
      },
      "locked": {
        "lastModified": 1693703044,
        "narHash": "sha256-6UDIZaySqYkiNW1i5Wf6lnZt5ZUs4yFZK7NlQangGNQ=",
        "owner": "Aylur",
        "repo": "ags",
        "rev": "4761a23bd9b6c7a4dbf68d2bfea18c8755032764",
        "type": "github"
      },
      "original": {
        "owner": "Aylur",
        "repo": "ags",
        "type": "github"
      }
    },
    "dongsu8142-nur": {
      "inputs": {
        "nixpkgs": [
          "ags",
          "nixpkgs"
        ]
      },
      "locked": {
        "lastModified": 1690083492,
        "narHash": "sha256-UoIG+sl44U38FTmM2+m4X2Qi5aivjITcUxAkVHouZl4=",
        "owner": "dongsu8142",
        "repo": "nur",
        "rev": "7f5c7067a482e96fe3787e07a54e21041a4d15c0",
        "type": "github"
      },
      "original": {
        "owner": "dongsu8142",
        "repo": "nur",
        "type": "github"
      }
    },
    "flake-utils": {
      "locked": {
        "lastModified": 1659877975,
        "narHash": "sha256-zllb8aq3YO3h8B/U0/J1WBgAL8EX5yWf5pMj3G0NAmc=",
        "owner": "numtide",
        "repo": "flake-utils",
        "rev": "c0e246b9b83f637f4681389ecabcb2681b4f3af0",
        "type": "github"
      },
      "original": {
        "owner": "numtide",
        "repo": "flake-utils",
        "type": "github"
      }
    },
    "home-manager": {
      "inputs": {
        "nixpkgs": [
          "nixpkgs"
        ]
      },
      "locked": {
        "lastModified": 1693713564,
        "narHash": "sha256-00w2uwb4O6Y1e2W5LG5UFyl1ZN3KFG7aoRdYEvT/BqA=",
        "owner": "nix-community",
        "repo": "home-manager",
        "rev": "8e49b883890ccb52c059abb152b00a416342ec1c",
        "type": "github"
      },
      "original": {
        "owner": "nix-community",
        "repo": "home-manager",
        "type": "github"
      }
    },
    "nixgl": {
      "inputs": {
        "flake-utils": "flake-utils",
        "nixpkgs": "nixpkgs_2"
      },
      "locked": {
        "lastModified": 1685908677,
        "narHash": "sha256-E4zUPEUFyVWjVm45zICaHRpfGepfkE9Z2OECV9HXfA4=",
        "owner": "guibou",
        "repo": "nixGL",
        "rev": "489d6b095ab9d289fe11af0219a9ff00fe87c7c5",
        "type": "github"
      },
      "original": {
        "owner": "guibou",
        "repo": "nixGL",
        "type": "github"
      }
    },
    "nixpkgs": {
      "locked": {
        "lastModified": 1690031011,
        "narHash": "sha256-kzK0P4Smt7CL53YCdZCBbt9uBFFhE0iNvCki20etAf4=",
        "owner": "NixOS",
        "repo": "nixpkgs",
        "rev": "12303c652b881435065a98729eb7278313041e49",
        "type": "github"
      },
      "original": {
        "owner": "NixOS",
        "ref": "nixos-unstable",
        "repo": "nixpkgs",
        "type": "github"
      }
    },
    "nixpkgs_2": {
      "locked": {
        "lastModified": 1660551188,
        "narHash": "sha256-a1LARMMYQ8DPx1BgoI/UN4bXe12hhZkCNqdxNi6uS0g=",
        "owner": "nixos",
        "repo": "nixpkgs",
        "rev": "441dc5d512153039f19ef198e662e4f3dbb9fd65",
        "type": "github"
      },
      "original": {
        "owner": "nixos",
        "repo": "nixpkgs",
        "type": "github"
      }
    },
    "nixpkgs_3": {
      "locked": {
        "lastModified": 1693663421,
        "narHash": "sha256-ImMIlWE/idjcZAfxKK8sQA7A1Gi/O58u5/CJA+mxvl8=",
        "owner": "nixos",
        "repo": "nixpkgs",
        "rev": "e56990880811a451abd32515698c712788be5720",
        "type": "github"
      },
      "original": {
        "owner": "nixos",
        "ref": "nixos-unstable",
        "repo": "nixpkgs",
        "type": "github"
      }
    },
    "root": {
      "inputs": {
        "ags": "ags",
        "home-manager": "home-manager",
        "nixgl": "nixgl",
        "nixpkgs": "nixpkgs_3"
      }
    }
  },
  "root": "root",
  "version": 7
}
